{
  "originHash" : "8eaa8f42add778ac8c469851f5dceb05ee37da3ffb8fa1e88e728cb33f8a2268",
  "pins" : [
    {
      "identity" : "adhan-swift",
      "kind" : "remoteSourceControl",
      "location" : "https://github.com/batoulapps/adhan-swift",
      "state" : {
        "revision" : "a6fa2deee80c5abb0b9ad04466f8ab12b53144e7",
        "version" : "1.5.0"
      }
    }
  ],
  "version" : 3
}
